
Microsoft Visual Studio Solution File, Format Version 12.00
# Visual Studio Version 16
VisualStudioVersion = 16.0.32901.82
MinimumVisualStudioVersion = 10.0.40219.1
Project("{FAE04EC0-301F-11D3-BF4B-00C04F79EFBC}") = "testT024_ConcurrentTransactions", "testT024_ConcurrentTransactions.csproj", "{CEA61050-A076-401C-8103-045F294E1491}"
EndProject
Project("{9A19103F-16F7-4668-BE54-9A1E7A4F7556}") = "dapperHelper", "..\dapperHelper\dapperHelper.csproj", "{59F25216-7558-457F-ADD9-E18BD091CD8D}"
EndProject
Global
	GlobalSection(SolutionConfigurationPlatforms) = preSolution
		Debug|Any CPU = Debug|Any CPU
		Release|Any CPU = Release|Any CPU
	EndGlobalSection
	GlobalSection(ProjectConfigurationPlatforms) = postSolution
		{CEA61050-A076-401C-8103-045F294E1491}.Debug|Any CPU.ActiveCfg = Debug|Any CPU
		{CEA61050-A076-401C-8103-045F294E1491}.Debug|Any CPU.Build.0 = Debug|Any CPU
		{CEA61050-A076-401C-8103-045F294E1491}.Release|Any CPU.ActiveCfg = Release|Any CPU
		{CEA61050-A076-401C-8103-045F294E1491}.Release|Any CPU.Build.0 = Release|Any CPU
		{59F25216-7558-457F-ADD9-E18BD091CD8D}.Debug|Any CPU.ActiveCfg = Debug|Any CPU
		{59F25216-7558-457F-ADD9-E18BD091CD8D}.Debug|Any CPU.Build.0 = Debug|Any CPU
		{59F25216-7558-457F-ADD9-E18BD091CD8D}.Release|Any CPU.ActiveCfg = Release|Any CPU
		{59F25216-7558-457F-ADD9-E18BD091CD8D}.Release|Any CPU.Build.0 = Release|Any CPU
	EndGlobalSection
	GlobalSection(SolutionProperties) = preSolution
		HideSolutionNode = FALSE
	EndGlobalSection
	GlobalSection(ExtensibilityGlobals) = postSolution
		SolutionGuid = {94A410DA-10DE-467B-B45C-410DAAA3121A}
	EndGlobalSection
EndGlobal
